{
  "name": "arbiList",
  "version": "1.0.0",
  "lockfileVersion": 1,
  "requires": true,
  "dependencies": {
    "ccxt": {
      "version": "1.22.76",
      "resolved": "https://registry.npmjs.org/ccxt/-/ccxt-1.22.76.tgz",
      "integrity": "sha512-Pcj7pHo69ZQztuWQBB5+MfySm6WOjAfJkW+CGBn26MO6cqOIvQk25U+VQRyk+CrypCbnzEFYoC/lVqJ9L6+H8Q=="
    }
  }
}
